<?xml version="1.0" encoding="utf-8"?>
<Project ToolsVersion="4.0" xmlns="http://schemas.microsoft.com/developer/msbuild/2003">
  <ItemGroup>
    <Filter Include="Header Files">
      <UniqueIdentifier>{93995380-89BD-4b04-88EB-625FBE52EBFB}</UniqueIdentifier>
      <Extensions>h;hh;hpp;hxx;h++;hm;inl;inc;ipp;xsd</Extensions>
    </Filter>
    <Filter Include="idl">
      <UniqueIdentifier>{a068d2ba-d561-4dfb-91ab-e79e4db2121b}</UniqueIdentifier>
    </Filter>
    <Filter Include="idl\Source Files">
      <UniqueIdentifier>{c9790cd6-d9e1-4ded-86ad-c491d68c88d7}</UniqueIdentifier>
    </Filter>
  </ItemGroup>
  <ItemGroup>
    <ClInclude Include="..\..\libMsg\Image.h">
      <Filter>Header Files</Filter>
    </ClInclude>
    <ClInclude Include="..\..\libMsg\Humidity.h">
      <Filter>Header Files</Filter>
    </ClInclude>
    <ClInclude Include="..\..\libMsg\Temperature.h">
      <Filter>Header Files</Filter>
    </ClInclude>
    <ClInclude Include="..\..\libMsg\CfgCam.h">
      <Filter>Header Files</Filter>
    </ClInclude>
    <ClInclude Include="..\..\libMsg\CfgCamPubSubTypes.h">
      <Filter>Header Files</Filter>
    </ClInclude>
    <ClInclude Include="..\..\libMsg\CfgHygrometer.h">
      <Filter>Header Files</Filter>
    </ClInclude>
    <ClInclude Include="..\..\libMsg\CfgHygrometerPubSubTypes.h">
      <Filter>Header Files</Filter>
    </ClInclude>
    <ClInclude Include="..\..\libMsg\CfgThermometer.h">
      <Filter>Header Files</Filter>
    </ClInclude>
    <ClInclude Include="..\..\libMsg\CfgThermometerPubSubTypes.h">
      <Filter>Header Files</Filter>
    </ClInclude>
    <ClInclude Include="..\..\libMsg\HumidityPubSubTypes.h">
      <Filter>idl\Source Files</Filter>
    </ClInclude>
    <ClInclude Include="..\..\libMsg\ImagePubSubTypes.h">
      <Filter>idl\Source Files</Filter>
    </ClInclude>
    <ClInclude Include="..\..\libMsg\TemperaturePubSubTypes.h">
      <Filter>idl\Source Files</Filter>
    </ClInclude>
    <ClInclude Include="..\..\libMsg\UpdateCam.h">
      <Filter>idl\Source Files</Filter>
    </ClInclude>
    <ClInclude Include="..\..\libMsg\UpdateCamPubSubTypes.h">
      <Filter>idl\Source Files</Filter>
    </ClInclude>
    <ClInclude Include="..\..\libMsg\UpdateHygrometer.h">
      <Filter>idl\Source Files</Filter>
    </ClInclude>
    <ClInclude Include="..\..\libMsg\UpdateHygrometerPubSubTypes.h">
      <Filter>idl\Source Files</Filter>
    </ClInclude>
    <ClInclude Include="..\..\libMsg\UpdateThermometer.h">
      <Filter>idl\Source Files</Filter>
    </ClInclude>
    <ClInclude Include="..\..\libMsg\UpdateThermometerPubSubTypes.h">
      <Filter>idl\Source Files</Filter>
    </ClInclude>
    <ClInclude Include="..\..\libMsg\HumidityTypeObject.h">
      <Filter>Header Files</Filter>
    </ClInclude>
    <ClInclude Include="..\..\libMsg\ImageTypeObject.h">
      <Filter>Header Files</Filter>
    </ClInclude>
    <ClInclude Include="..\..\libMsg\TemperatureTypeObject.h">
      <Filter>Header Files</Filter>
    </ClInclude>
    <ClInclude Include="..\..\libMsg\UpdateCamTypeObject.h">
      <Filter>Header Files</Filter>
    </ClInclude>
    <ClInclude Include="..\..\libMsg\UpdateHygrometerTypeObject.h">
      <Filter>Header Files</Filter>
    </ClInclude>
    <ClInclude Include="..\..\libMsg\UpdateThermometerTypeObject.h">
      <Filter>Header Files</Filter>
    </ClInclude>
    <ClInclude Include="..\..\libMsg\HumidityCdrAux.hpp">
      <Filter>Header Files</Filter>
    </ClInclude>
    <ClInclude Include="..\..\libMsg\HumidityCdrAux.ipp">
      <Filter>Header Files</Filter>
    </ClInclude>
    <ClInclude Include="..\..\libMsg\ImageCdrAux.hpp">
      <Filter>Header Files</Filter>
    </ClInclude>
    <ClInclude Include="..\..\libMsg\ImageCdrAux.ipp">
      <Filter>Header Files</Filter>
    </ClInclude>
    <ClInclude Include="..\..\libMsg\TemperatureCdrAux.hpp">
      <Filter>Header Files</Filter>
    </ClInclude>
    <ClInclude Include="..\..\libMsg\TemperatureCdrAux.ipp">
      <Filter>Header Files</Filter>
    </ClInclude>
    <ClInclude Include="..\..\libMsg\UpdateCamCdrAux.hpp">
      <Filter>Header Files</Filter>
    </ClInclude>
    <ClInclude Include="..\..\libMsg\UpdateCamCdrAux.ipp">
      <Filter>Header Files</Filter>
    </ClInclude>
    <ClInclude Include="..\..\libMsg\UpdateHygrometerCdrAux.hpp">
      <Filter>Header Files</Filter>
    </ClInclude>
    <ClInclude Include="..\..\libMsg\UpdateHygrometerCdrAux.ipp">
      <Filter>Header Files</Filter>
    </ClInclude>
    <ClInclude Include="..\..\libMsg\UpdateThermometerCdrAux.hpp">
      <Filter>Header Files</Filter>
    </ClInclude>
    <ClInclude Include="..\..\libMsg\UpdateThermometerCdrAux.ipp">
      <Filter>Header Files</Filter>
    </ClInclude>
  </ItemGroup>
  <ItemGroup>
    <Midl Include="..\..\libMsg\idl\Image.idl">
      <Filter>idl</Filter>
    </Midl>
    <Midl Include="..\..\libMsg\idl\Humidity.idl">
      <Filter>idl</Filter>
    </Midl>
    <Midl Include="..\..\libMsg\idl\Temperature.idl">
      <Filter>idl</Filter>
    </Midl>
    <Midl Include="..\..\libMsg\idl\UpdateHygrometer.idl">
      <Filter>idl</Filter>
    </Midl>
    <Midl Include="..\..\libMsg\idl\UpdateThermometer.idl">
      <Filter>idl</Filter>
    </Midl>
    <Midl Include="..\..\libMsg\idl\UpdateCam.idl">
      <Filter>idl</Filter>
    </Midl>
  </ItemGroup>
  <ItemGroup>
    <ClCompile Include="..\..\libMsg\Humidity.cxx">
      <Filter>idl\Source Files</Filter>
    </ClCompile>
    <ClCompile Include="..\..\libMsg\HumidityPubSubTypes.cxx">
      <Filter>idl\Source Files</Filter>
    </ClCompile>
    <ClCompile Include="..\..\libMsg\Image.cxx">
      <Filter>idl\Source Files</Filter>
    </ClCompile>
    <ClCompile Include="..\..\libMsg\ImagePubSubTypes.cxx">
      <Filter>idl\Source Files</Filter>
    </ClCompile>
    <ClCompile Include="..\..\libMsg\Temperature.cxx">
      <Filter>idl\Source Files</Filter>
    </ClCompile>
    <ClCompile Include="..\..\libMsg\TemperaturePubSubTypes.cxx">
      <Filter>idl\Source Files</Filter>
    </ClCompile>
    <ClCompile Include="..\..\libMsg\UpdateCam.cxx">
      <Filter>idl\Source Files</Filter>
    </ClCompile>
    <ClCompile Include="..\..\libMsg\UpdateCamPubSubTypes.cxx">
      <Filter>idl\Source Files</Filter>
    </ClCompile>
    <ClCompile Include="..\..\libMsg\UpdateHygrometer.cxx">
      <Filter>idl\Source Files</Filter>
    </ClCompile>
    <ClCompile Include="..\..\libMsg\UpdateHygrometerPubSubTypes.cxx">
      <Filter>idl\Source Files</Filter>
    </ClCompile>
    <ClCompile Include="..\..\libMsg\UpdateThermometer.cxx">
      <Filter>idl\Source Files</Filter>
    </ClCompile>
    <ClCompile Include="..\..\libMsg\UpdateThermometerPubSubTypes.cxx">
      <Filter>idl\Source Files</Filter>
    </ClCompile>
    <ClCompile Include="..\..\libMsg\HumidityTypeObject.cxx" />
    <ClCompile Include="..\..\libMsg\ImageTypeObject.cxx" />
    <ClCompile Include="..\..\libMsg\TemperatureTypeObject.cxx" />
    <ClCompile Include="..\..\libMsg\UpdateCamTypeObject.cxx" />
    <ClCompile Include="..\..\libMsg\UpdateHygrometerTypeObject.cxx" />
    <ClCompile Include="..\..\libMsg\UpdateThermometerTypeObject.cxx" />
  </ItemGroup>
</Project>